
Microsoft Visual Studio Solution File, Format Version 12.00
# Visual Studio 15
VisualStudioVersion = 15.0.27703.2042
MinimumVisualStudioVersion = 10.0.40219.1
Project("{FAE04EC0-301F-11D3-BF4B-00C04F79EFBC}") = "NexusFilmReview", "NexusFilmReview\NexusFilmReview.csproj", "{1F235082-4FAC-436A-B573-2ABCA134ECDF}"
EndProject
Project("{FAE04EC0-301F-11D3-BF4B-00C04F79EFBC}") = "NexusFilmReview.Tests", "NexusFilmReview.Tests\NexusFilmReview.Tests.csproj", "{1D528A95-4D9A-43DA-AFC7-7AD24F46BEDF}"
EndProject
Global
	GlobalSection(SolutionConfigurationPlatforms) = preSolution
		Debug|Any CPU = Debug|Any CPU
		Release|Any CPU = Release|Any CPU
	EndGlobalSection
	GlobalSection(ProjectConfigurationPlatforms) = postSolution
		{1F235082-4FAC-436A-B573-2ABCA134ECDF}.Debug|Any CPU.ActiveCfg = Debug|Any CPU
		{1F235082-4FAC-436A-B573-2ABCA134ECDF}.Debug|Any CPU.Build.0 = Debug|Any CPU
		{1F235082-4FAC-436A-B573-2ABCA134ECDF}.Release|Any CPU.ActiveCfg = Release|Any CPU
		{1F235082-4FAC-436A-B573-2ABCA134ECDF}.Release|Any CPU.Build.0 = Release|Any CPU
		{1D528A95-4D9A-43DA-AFC7-7AD24F46BEDF}.Debug|Any CPU.ActiveCfg = Debug|Any CPU
		{1D528A95-4D9A-43DA-AFC7-7AD24F46BEDF}.Debug|Any CPU.Build.0 = Debug|Any CPU
		{1D528A95-4D9A-43DA-AFC7-7AD24F46BEDF}.Release|Any CPU.ActiveCfg = Release|Any CPU
		{1D528A95-4D9A-43DA-AFC7-7AD24F46BEDF}.Release|Any CPU.Build.0 = Release|Any CPU
	EndGlobalSection
	GlobalSection(SolutionProperties) = preSolution
		HideSolutionNode = FALSE
	EndGlobalSection
	GlobalSection(ExtensibilityGlobals) = postSolution
		SolutionGuid = {3289AD62-B859-424B-869C-0D6973E5FC2B}
	EndGlobalSection
EndGlobal
