
Microsoft Visual Studio Solution File, Format Version 12.00
# Visual Studio 15
VisualStudioVersion = 15.0.27703.2042
MinimumVisualStudioVersion = 10.0.40219.1
Project("{FAE04EC0-301F-11D3-BF4B-00C04F79EFBC}") = "NexusCorpFilmReviews", "NexusCorpFilmReviews\NexusCorpFilmReviews.csproj", "{1E3F3E3E-A6AF-43E3-841F-3F85EA0AC668}"
EndProject
Project("{FAE04EC0-301F-11D3-BF4B-00C04F79EFBC}") = "NexusCorpFilmReviews.Tests", "NexusCorpFilmReviews.Tests\NexusCorpFilmReviews.Tests.csproj", "{FABF399B-FC28-4FA8-957D-280324D940B2}"
EndProject
Global
	GlobalSection(SolutionConfigurationPlatforms) = preSolution
		Debug|Any CPU = Debug|Any CPU
		Release|Any CPU = Release|Any CPU
	EndGlobalSection
	GlobalSection(ProjectConfigurationPlatforms) = postSolution
		{1E3F3E3E-A6AF-43E3-841F-3F85EA0AC668}.Debug|Any CPU.ActiveCfg = Debug|Any CPU
		{1E3F3E3E-A6AF-43E3-841F-3F85EA0AC668}.Debug|Any CPU.Build.0 = Debug|Any CPU
		{1E3F3E3E-A6AF-43E3-841F-3F85EA0AC668}.Release|Any CPU.ActiveCfg = Release|Any CPU
		{1E3F3E3E-A6AF-43E3-841F-3F85EA0AC668}.Release|Any CPU.Build.0 = Release|Any CPU
		{FABF399B-FC28-4FA8-957D-280324D940B2}.Debug|Any CPU.ActiveCfg = Debug|Any CPU
		{FABF399B-FC28-4FA8-957D-280324D940B2}.Debug|Any CPU.Build.0 = Debug|Any CPU
		{FABF399B-FC28-4FA8-957D-280324D940B2}.Release|Any CPU.ActiveCfg = Release|Any CPU
		{FABF399B-FC28-4FA8-957D-280324D940B2}.Release|Any CPU.Build.0 = Release|Any CPU
	EndGlobalSection
	GlobalSection(SolutionProperties) = preSolution
		HideSolutionNode = FALSE
	EndGlobalSection
	GlobalSection(ExtensibilityGlobals) = postSolution
		SolutionGuid = {B0AA1B11-B576-4103-BC1A-D6461FDD559A}
	EndGlobalSection
EndGlobal
